{
  "object": {
    "pins": [
      {
        "package": "Concrete",
        "repositoryURL": "https://github.com/zetasq/Concrete.git",
        "state": {
          "branch": "master",
          "revision": "5a51ae16cad5cbfbebe24272d6b4ae4be942864e",
          "version": null
        }
      }
    ]
  },
  "version": 1
}
